
Microsoft Visual Studio Solution File, Format Version 12.00
# Visual Studio 15
VisualStudioVersion = 15.0.28307.1209
MinimumVisualStudioVersion = 10.0.40219.1
Project("{FAE04EC0-301F-11D3-BF4B-00C04F79EFBC}") = "DevOpsWebApplication", "DevOpsWebApplication\DevOpsWebApplication.csproj", "{63397174-5585-4C4D-B9AF-6B5F91A9E9E0}"
EndProject
Global
	GlobalSection(SolutionConfigurationPlatforms) = preSolution
		Debug|Any CPU = Debug|Any CPU
		Release|Any CPU = Release|Any CPU
	EndGlobalSection
	GlobalSection(ProjectConfigurationPlatforms) = postSolution
		{63397174-5585-4C4D-B9AF-6B5F91A9E9E0}.Debug|Any CPU.ActiveCfg = Debug|Any CPU
		{63397174-5585-4C4D-B9AF-6B5F91A9E9E0}.Debug|Any CPU.Build.0 = Debug|Any CPU
		{63397174-5585-4C4D-B9AF-6B5F91A9E9E0}.Release|Any CPU.ActiveCfg = Release|Any CPU
		{63397174-5585-4C4D-B9AF-6B5F91A9E9E0}.Release|Any CPU.Build.0 = Release|Any CPU
	EndGlobalSection
	GlobalSection(SolutionProperties) = preSolution
		HideSolutionNode = FALSE
	EndGlobalSection
	GlobalSection(ExtensibilityGlobals) = postSolution
		SolutionGuid = {FA8C0B89-738B-4A7B-90DD-BBB955FD0D6E}
	EndGlobalSection
EndGlobal
